
Microsoft Visual Studio Solution File, Format Version 12.00
# Visual Studio Version 17
VisualStudioVersion = 17.12.35527.113 d17.12
MinimumVisualStudioVersion = 10.0.40219.1
Project("{FAE04EC0-301F-11D3-BF4B-00C04F79EFBC}") = "CodeEditor2DrawIoPlugin", "CodeEditor2DrawIoPlugin\CodeEditor2DrawIoPlugin.csproj", "{99297EA6-B329-4D4F-8933-9B7186F76AA5}"
EndProject
Project("{FAE04EC0-301F-11D3-BF4B-00C04F79EFBC}") = "CodeEditor2DrawIoPlugin.Desktop", "CodeEditor2DrawIoPlugin.Desktop\CodeEditor2DrawIoPlugin.Desktop.csproj", "{A76139B7-F083-436A-B3C9-1981F3E8F056}"
EndProject
Global
	GlobalSection(SolutionConfigurationPlatforms) = preSolution
		Debug|Any CPU = Debug|Any CPU
		Release|Any CPU = Release|Any CPU
	EndGlobalSection
	GlobalSection(ProjectConfigurationPlatforms) = postSolution
		{99297EA6-B329-4D4F-8933-9B7186F76AA5}.Debug|Any CPU.ActiveCfg = Debug|Any CPU
		{99297EA6-B329-4D4F-8933-9B7186F76AA5}.Debug|Any CPU.Build.0 = Debug|Any CPU
		{99297EA6-B329-4D4F-8933-9B7186F76AA5}.Release|Any CPU.ActiveCfg = Release|Any CPU
		{99297EA6-B329-4D4F-8933-9B7186F76AA5}.Release|Any CPU.Build.0 = Release|Any CPU
		{A76139B7-F083-436A-B3C9-1981F3E8F056}.Debug|Any CPU.ActiveCfg = Debug|Any CPU
		{A76139B7-F083-436A-B3C9-1981F3E8F056}.Debug|Any CPU.Build.0 = Debug|Any CPU
		{A76139B7-F083-436A-B3C9-1981F3E8F056}.Release|Any CPU.ActiveCfg = Release|Any CPU
		{A76139B7-F083-436A-B3C9-1981F3E8F056}.Release|Any CPU.Build.0 = Release|Any CPU
	EndGlobalSection
	GlobalSection(SolutionProperties) = preSolution
		HideSolutionNode = FALSE
	EndGlobalSection
EndGlobal
